
Microsoft Visual Studio Solution File, Format Version 12.00
# Visual Studio Version 17
VisualStudioVersion = 17.5.33530.505
MinimumVisualStudioVersion = 10.0.40219.1
Project("{FAE04EC0-301F-11D3-BF4B-00C04F79EFBC}") = "ContactsAPI", "ContactsAPI\ContactsAPI.csproj", "{E07D2588-4EB3-4E16-9FB9-27D07D9E0C20}"
EndProject
Global
	GlobalSection(SolutionConfigurationPlatforms) = preSolution
		Debug|Any CPU = Debug|Any CPU
		Release|Any CPU = Release|Any CPU
	EndGlobalSection
	GlobalSection(ProjectConfigurationPlatforms) = postSolution
		{E07D2588-4EB3-4E16-9FB9-27D07D9E0C20}.Debug|Any CPU.ActiveCfg = Debug|Any CPU
		{E07D2588-4EB3-4E16-9FB9-27D07D9E0C20}.Debug|Any CPU.Build.0 = Debug|Any CPU
		{E07D2588-4EB3-4E16-9FB9-27D07D9E0C20}.Release|Any CPU.ActiveCfg = Release|Any CPU
		{E07D2588-4EB3-4E16-9FB9-27D07D9E0C20}.Release|Any CPU.Build.0 = Release|Any CPU
	EndGlobalSection
	GlobalSection(SolutionProperties) = preSolution
		HideSolutionNode = FALSE
	EndGlobalSection
	GlobalSection(ExtensibilityGlobals) = postSolution
		SolutionGuid = {05963ADB-2E6E-488D-BECF-362F669844F8}
	EndGlobalSection
EndGlobal
